
Microsoft Visual Studio Solution File, Format Version 12.00
# Visual Studio Version 16
VisualStudioVersion = 16.0.32413.511
MinimumVisualStudioVersion = 10.0.40219.1
Project("{9A19103F-16F7-4668-BE54-9A1E7A4F7556}") = "123", "123\123.csproj", "{DDBBF736-F485-4C50-A3BB-2D3F560D488C}"
EndProject
Project("{9A19103F-16F7-4668-BE54-9A1E7A4F7556}") = "123Tests", "123Tests\123Tests.csproj", "{D624828E-DFC8-4771-B89F-4E719685E5B3}"
EndProject
Project("{FAE04EC0-301F-11D3-BF4B-00C04F79EFBC}") = "ConsoleApp1", "ConsoleApp1\ConsoleApp1.csproj", "{0AEF97F3-D380-487F-8134-CF5F68BB3241}"
EndProject
Global
	GlobalSection(SolutionConfigurationPlatforms) = preSolution
		Debug|Any CPU = Debug|Any CPU
		Release|Any CPU = Release|Any CPU
	EndGlobalSection
	GlobalSection(ProjectConfigurationPlatforms) = postSolution
		{DDBBF736-F485-4C50-A3BB-2D3F560D488C}.Debug|Any CPU.ActiveCfg = Debug|Any CPU
		{DDBBF736-F485-4C50-A3BB-2D3F560D488C}.Debug|Any CPU.Build.0 = Debug|Any CPU
		{DDBBF736-F485-4C50-A3BB-2D3F560D488C}.Release|Any CPU.ActiveCfg = Release|Any CPU
		{DDBBF736-F485-4C50-A3BB-2D3F560D488C}.Release|Any CPU.Build.0 = Release|Any CPU
		{D624828E-DFC8-4771-B89F-4E719685E5B3}.Debug|Any CPU.ActiveCfg = Debug|Any CPU
		{D624828E-DFC8-4771-B89F-4E719685E5B3}.Debug|Any CPU.Build.0 = Debug|Any CPU
		{D624828E-DFC8-4771-B89F-4E719685E5B3}.Release|Any CPU.ActiveCfg = Release|Any CPU
		{D624828E-DFC8-4771-B89F-4E719685E5B3}.Release|Any CPU.Build.0 = Release|Any CPU
		{0AEF97F3-D380-487F-8134-CF5F68BB3241}.Debug|Any CPU.ActiveCfg = Debug|Any CPU
		{0AEF97F3-D380-487F-8134-CF5F68BB3241}.Debug|Any CPU.Build.0 = Debug|Any CPU
		{0AEF97F3-D380-487F-8134-CF5F68BB3241}.Release|Any CPU.ActiveCfg = Release|Any CPU
		{0AEF97F3-D380-487F-8134-CF5F68BB3241}.Release|Any CPU.Build.0 = Release|Any CPU
	EndGlobalSection
	GlobalSection(SolutionProperties) = preSolution
		HideSolutionNode = FALSE
	EndGlobalSection
	GlobalSection(ExtensibilityGlobals) = postSolution
		SolutionGuid = {48C8AAAB-A54E-4F18-8895-293E98C7A4DA}
	EndGlobalSection
EndGlobal
